
Microsoft Visual Studio Solution File, Format Version 12.00
# Visual Studio 2012
Project("{FAE04EC0-301F-11D3-BF4B-00C04F79EFBC}") = "Interpreter", "Interpreter\Interpreter.csproj", "{D5DB4949-9206-44D2-B052-CDC0C2ACBA39}"
EndProject
Project("{FAE04EC0-301F-11D3-BF4B-00C04F79EFBC}") = "Disassembler", "Disassembler\Disassembler.csproj", "{D50471D1-188A-455E-BCB7-3560E588B2C6}"
EndProject
Project("{FAE04EC0-301F-11D3-BF4B-00C04F79EFBC}") = "Assembly", "Assembly\Assembly.csproj", "{9BF96747-061E-4CE2-9402-5FF7196AD09F}"
EndProject
Global
	GlobalSection(SolutionConfigurationPlatforms) = preSolution
		Debug|Any CPU = Debug|Any CPU
		Release|Any CPU = Release|Any CPU
	EndGlobalSection
	GlobalSection(ProjectConfigurationPlatforms) = postSolution
		{D5DB4949-9206-44D2-B052-CDC0C2ACBA39}.Debug|Any CPU.ActiveCfg = Debug|Any CPU
		{D5DB4949-9206-44D2-B052-CDC0C2ACBA39}.Debug|Any CPU.Build.0 = Debug|Any CPU
		{D5DB4949-9206-44D2-B052-CDC0C2ACBA39}.Release|Any CPU.ActiveCfg = Release|Any CPU
		{D5DB4949-9206-44D2-B052-CDC0C2ACBA39}.Release|Any CPU.Build.0 = Release|Any CPU
		{D50471D1-188A-455E-BCB7-3560E588B2C6}.Debug|Any CPU.ActiveCfg = Debug|Any CPU
		{D50471D1-188A-455E-BCB7-3560E588B2C6}.Debug|Any CPU.Build.0 = Debug|Any CPU
		{D50471D1-188A-455E-BCB7-3560E588B2C6}.Release|Any CPU.ActiveCfg = Release|Any CPU
		{D50471D1-188A-455E-BCB7-3560E588B2C6}.Release|Any CPU.Build.0 = Release|Any CPU
		{9BF96747-061E-4CE2-9402-5FF7196AD09F}.Debug|Any CPU.ActiveCfg = Debug|Any CPU
		{9BF96747-061E-4CE2-9402-5FF7196AD09F}.Debug|Any CPU.Build.0 = Debug|Any CPU
		{9BF96747-061E-4CE2-9402-5FF7196AD09F}.Release|Any CPU.ActiveCfg = Release|Any CPU
		{9BF96747-061E-4CE2-9402-5FF7196AD09F}.Release|Any CPU.Build.0 = Release|Any CPU
	EndGlobalSection
	GlobalSection(SolutionProperties) = preSolution
		HideSolutionNode = FALSE
	EndGlobalSection
EndGlobal
